
Microsoft Visual Studio Solution File, Format Version 12.00
# Visual Studio Version 17
VisualStudioVersion = 17.13.35931.197 d17.13
MinimumVisualStudioVersion = 10.0.40219.1
Project("{FAE04EC0-301F-11D3-BF4B-00C04F79EFBC}") = "RalliesUK.API", "RalliesUK.API\RalliesUK.API.csproj", "{709D4EA8-A9FE-4FB8-B3C6-1F1009D6E339}"
EndProject
Global
	GlobalSection(SolutionConfigurationPlatforms) = preSolution
		Debug|Any CPU = Debug|Any CPU
		Release|Any CPU = Release|Any CPU
	EndGlobalSection
	GlobalSection(ProjectConfigurationPlatforms) = postSolution
		{709D4EA8-A9FE-4FB8-B3C6-1F1009D6E339}.Debug|Any CPU.ActiveCfg = Debug|Any CPU
		{709D4EA8-A9FE-4FB8-B3C6-1F1009D6E339}.Debug|Any CPU.Build.0 = Debug|Any CPU
		{709D4EA8-A9FE-4FB8-B3C6-1F1009D6E339}.Release|Any CPU.ActiveCfg = Release|Any CPU
		{709D4EA8-A9FE-4FB8-B3C6-1F1009D6E339}.Release|Any CPU.Build.0 = Release|Any CPU
	EndGlobalSection
	GlobalSection(SolutionProperties) = preSolution
		HideSolutionNode = FALSE
	EndGlobalSection
	GlobalSection(ExtensibilityGlobals) = postSolution
		SolutionGuid = {A3054934-3569-4D5F-8BDD-2B27F45E4A8C}
	EndGlobalSection
EndGlobal
